
Microsoft Visual Studio Solution File, Format Version 12.00
# Visual Studio Version 16
VisualStudioVersion = 16.0.30611.23
MinimumVisualStudioVersion = 10.0.40219.1
Project("{9A19103F-16F7-4668-BE54-9A1E7A4F7556}") = "StarWars-AzureFunctions", "PureCodeFirst-AzureFunctions-v11\StarWars-AzureFunctions.csproj", "{91E18C69-CD87-4305-B241-1DD04DB118F8}"
EndProject
Project("{FAE04EC0-301F-11D3-BF4B-00C04F79EFBC}") = "HotChocolate.RepoDb.SqlServer", "HotChocolate.RepoDb\HotChocolate.RepoDb.SqlServer.csproj", "{9B7A623E-4CA8-4897-8EE7-87E692115FAC}"
EndProject
Project("{FAE04EC0-301F-11D3-BF4B-00C04F79EFBC}") = "HotChocolate.PreProcessedExtensions", "HotChocolate.PreProcessedExtensions\HotChocolate.PreProcessedExtensions.csproj", "{747B95FC-FFA7-4966-A0F9-7FA315D7F823}"
EndProject
Global
	GlobalSection(SolutionConfigurationPlatforms) = preSolution
		Debug|Any CPU = Debug|Any CPU
		Release|Any CPU = Release|Any CPU
	EndGlobalSection
	GlobalSection(ProjectConfigurationPlatforms) = postSolution
		{91E18C69-CD87-4305-B241-1DD04DB118F8}.Debug|Any CPU.ActiveCfg = Debug|Any CPU
		{91E18C69-CD87-4305-B241-1DD04DB118F8}.Debug|Any CPU.Build.0 = Debug|Any CPU
		{91E18C69-CD87-4305-B241-1DD04DB118F8}.Release|Any CPU.ActiveCfg = Release|Any CPU
		{91E18C69-CD87-4305-B241-1DD04DB118F8}.Release|Any CPU.Build.0 = Release|Any CPU
		{9B7A623E-4CA8-4897-8EE7-87E692115FAC}.Debug|Any CPU.ActiveCfg = Debug|Any CPU
		{9B7A623E-4CA8-4897-8EE7-87E692115FAC}.Debug|Any CPU.Build.0 = Debug|Any CPU
		{9B7A623E-4CA8-4897-8EE7-87E692115FAC}.Release|Any CPU.ActiveCfg = Release|Any CPU
		{9B7A623E-4CA8-4897-8EE7-87E692115FAC}.Release|Any CPU.Build.0 = Release|Any CPU
		{747B95FC-FFA7-4966-A0F9-7FA315D7F823}.Debug|Any CPU.ActiveCfg = Debug|Any CPU
		{747B95FC-FFA7-4966-A0F9-7FA315D7F823}.Debug|Any CPU.Build.0 = Debug|Any CPU
		{747B95FC-FFA7-4966-A0F9-7FA315D7F823}.Release|Any CPU.ActiveCfg = Release|Any CPU
		{747B95FC-FFA7-4966-A0F9-7FA315D7F823}.Release|Any CPU.Build.0 = Release|Any CPU
	EndGlobalSection
	GlobalSection(SolutionProperties) = preSolution
		HideSolutionNode = FALSE
	EndGlobalSection
	GlobalSection(ExtensibilityGlobals) = postSolution
		SolutionGuid = {B234830F-2CBB-40AB-907A-224A5DD21DDE}
	EndGlobalSection
EndGlobal
